// !$*UTF8*$!
{
	archiveVersion = 1;
	classes = {
	};
	objectVersion = 56;
	objects = {

/* Begin PBXBuildFile section */
		886BFA252B4C4BF200BF8609 /* Beers_TimeApp.swift in Sources */ = {isa = PBXBuildFile; fileRef = 886BFA242B4C4BF200BF8609 /* Beers_TimeApp.swift */; };
		886BFA272B4C4BF200BF8609 /* ContentView.swift in Sources */ = {isa = PBXBuildFile; fileRef = 886BFA262B4C4BF200BF8609 /* ContentView.swift */; };
		886BFA292B4C4BF400BF8609 /* Assets.xcassets in Resources */ = {isa = PBXBuildFile; fileRef = 886BFA282B4C4BF400BF8609 /* Assets.xcassets */; };
		886BFA2C2B4C4BF400BF8609 /* Preview Assets.xcassets in Resources */ = {isa = PBXBuildFile; fileRef = 886BFA2B2B4C4BF400BF8609 /* Preview Assets.xcassets */; };
		886BFA352B4C4FCA00BF8609 /* LoginButtons.swift in Sources */ = {isa = PBXBuildFile; fileRef = 886BFA342B4C4FCA00BF8609 /* LoginButtons.swift */; };
		886BFA382B4C52DE00BF8609 /* FirebaseAnalytics in Frameworks */ = {isa = PBXBuildFile; productRef = 886BFA372B4C52DE00BF8609 /* FirebaseAnalytics */; };
		886BFA3A2B4C52DE00BF8609 /* FirebaseAnalyticsOnDeviceConversion in Frameworks */ = {isa = PBXBuildFile; productRef = 886BFA392B4C52DE00BF8609 /* FirebaseAnalyticsOnDeviceConversion */; };
		886BFA3C2B4C52DE00BF8609 /* FirebaseAnalyticsSwift in Frameworks */ = {isa = PBXBuildFile; productRef = 886BFA3B2B4C52DE00BF8609 /* FirebaseAnalyticsSwift */; };
		886BFA3E2B4C52DE00BF8609 /* FirebaseAppCheck in Frameworks */ = {isa = PBXBuildFile; productRef = 886BFA3D2B4C52DE00BF8609 /* FirebaseAppCheck */; };
		886BFA402B4C52DE00BF8609 /* FirebaseAppDistribution-Beta in Frameworks */ = {isa = PBXBuildFile; productRef = 886BFA3F2B4C52DE00BF8609 /* FirebaseAppDistribution-Beta */; };
		886BFA422B4C52DE00BF8609 /* FirebaseAuth in Frameworks */ = {isa = PBXBuildFile; productRef = 886BFA412B4C52DE00BF8609 /* FirebaseAuth */; };
		886BFA442B4C52DE00BF8609 /* FirebaseCrashlytics in Frameworks */ = {isa = PBXBuildFile; productRef = 886BFA432B4C52DE00BF8609 /* FirebaseCrashlytics */; };
/* End PBXBuildFile section */

/* Begin PBXFileReference section */
		886BFA212B4C4BF200BF8609 /* Beers Time.app */ = {isa = PBXFileReference; explicitFileType = wrapper.application; includeInIndex = 0; path = "Beers Time.app"; sourceTree = BUILT_PRODUCTS_DIR; };
		886BFA242B4C4BF200BF8609 /* Beers_TimeApp.swift */ = {isa = PBXFileReference; lastKnownFileType = sourcecode.swift; path = Beers_TimeApp.swift; sourceTree = "<group>"; };
		886BFA262B4C4BF200BF8609 /* ContentView.swift */ = {isa = PBXFileReference; lastKnownFileType = sourcecode.swift; path = ContentView.swift; sourceTree = "<group>"; };
		886BFA282B4C4BF400BF8609 /* Assets.xcassets */ = {isa = PBXFileReference; lastKnownFileType = folder.assetcatalog; path = Assets.xcassets; sourceTree = "<group>"; };
		886BFA2B2B4C4BF400BF8609 /* Preview Assets.xcassets */ = {isa = PBXFileReference; lastKnownFileType = folder.assetcatalog; path = "Preview Assets.xcassets"; sourceTree = "<group>"; };
		886BFA342B4C4FCA00BF8609 /* LoginButtons.swift */ = {isa = PBXFileReference; lastKnownFileType = sourcecode.swift; path = LoginButtons.swift; sourceTree = "<group>"; };
/* End PBXFileReference section */

/* Begin PBXFrameworksBuildPhase section */
		886BFA1E2B4C4BF200BF8609 /* Frameworks */ = {
			isa = PBXFrameworksBuildPhase;
			buildActionMask = 2147483647;
			files = (
				886BFA3E2B4C52DE00BF8609 /* FirebaseAppCheck in Frameworks */,
				886BFA422B4C52DE00BF8609 /* FirebaseAuth in Frameworks */,
				886BFA3C2B4C52DE00BF8609 /* FirebaseAnalyticsSwift in Frameworks */,
				886BFA442B4C52DE00BF8609 /* FirebaseCrashlytics in Frameworks */,
				886BFA402B4C52DE00BF8609 /* FirebaseAppDistribution-Beta in Frameworks */,
				886BFA382B4C52DE00BF8609 /* FirebaseAnalytics in Frameworks */,
				886BFA3A2B4C52DE00BF8609 /* FirebaseAnalyticsOnDeviceConversion in Frameworks */,
			);
			runOnlyForDeploymentPostprocessing = 0;
		};
/* End PBXFrameworksBuildPhase section */

/* Begin PBXGroup section */
		886BFA182B4C4BF200BF8609 = {
			isa = PBXGroup;
			children = (
				886BFA232B4C4BF200BF8609 /* Beers Time */,
				886BFA222B4C4BF200BF8609 /* Products */,
			);
			sourceTree = "<group>";
		};
		886BFA222B4C4BF200BF8609 /* Products */ = {
			isa = PBXGroup;
			children = (
				886BFA212B4C4BF200BF8609 /* Beers Time.app */,
			);
			name = Products;
			sourceTree = "<group>";
		};
		886BFA232B4C4BF200BF8609 /* Beers Time */ = {
			isa = PBXGroup;
			children = (
				886BFA322B4C4FAB00BF8609 /* Designables */,
				886BFA242B4C4BF200BF8609 /* Beers_TimeApp.swift */,
				886BFA262B4C4BF200BF8609 /* ContentView.swift */,
				886BFA282B4C4BF400BF8609 /* Assets.xcassets */,
				886BFA2A2B4C4BF400BF8609 /* Preview Content */,
			);
			path = "Beers Time";
			sourceTree = "<group>";
		};
		886BFA2A2B4C4BF400BF8609 /* Preview Content */ = {
			isa = PBXGroup;
			children = (
				886BFA2B2B4C4BF400BF8609 /* Preview Assets.xcassets */,
			);
			path = "Preview Content";
			sourceTree = "<group>";
		};
		886BFA322B4C4FAB00BF8609 /* Designables */ = {
			isa = PBXGroup;
			children = (
				886BFA332B4C4FB200BF8609 /* SwiftUI */,
			);
			path = Designables;
			sourceTree = "<group>";
		};
		886BFA332B4C4FB200BF8609 /* SwiftUI */ = {
			isa = PBXGroup;
			children = (
				886BFA342B4C4FCA00BF8609 /* LoginButtons.swift */,
			);
			path = SwiftUI;
			sourceTree = "<group>";
		};
/* End PBXGroup section */

/* Begin PBXNativeTarget section */
		886BFA202B4C4BF200BF8609 /* Beers Time */ = {
			isa = PBXNativeTarget;
			buildConfigurationList = 886BFA2F2B4C4BF400BF8609 /* Build configuration list for PBXNativeTarget "Beers Time" */;
			buildPhases = (
				886BFA1D2B4C4BF200BF8609 /* Sources */,
				886BFA1E2B4C4BF200BF8609 /* Frameworks */,
				886BFA1F2B4C4BF200BF8609 /* Resources */,
			);
			buildRules = (
			);
			dependencies = (
			);
			name = "Beers Time";
			packageProductDependencies = (
				886BFA372B4C52DE00BF8609 /* FirebaseAnalytics */,
				886BFA392B4C52DE00BF8609 /* FirebaseAnalyticsOnDeviceConversion */,
				886BFA3B2B4C52DE00BF8609 /* FirebaseAnalyticsSwift */,
				886BFA3D2B4C52DE00BF8609 /* FirebaseAppCheck */,
				886BFA3F2B4C52DE00BF8609 /* FirebaseAppDistribution-Beta */,
				886BFA412B4C52DE00BF8609 /* FirebaseAuth */,
				886BFA432B4C52DE00BF8609 /* FirebaseCrashlytics */,
			);
			productName = "Beers Time";
			productReference = 886BFA212B4C4BF200BF8609 /* Beers Time.app */;
			productType = "com.apple.product-type.application";
		};
/* End PBXNativeTarget section */

/* Begin PBXProject section */
		886BFA192B4C4BF200BF8609 /* Project object */ = {
			isa = PBXProject;
			attributes = {
				BuildIndependentTargetsInParallel = 1;
				LastSwiftUpdateCheck = 1510;
				LastUpgradeCheck = 1510;
				TargetAttributes = {
					886BFA202B4C4BF200BF8609 = {
						CreatedOnToolsVersion = 15.1;
					};
				};
			};
			buildConfigurationList = 886BFA1C2B4C4BF200BF8609 /* Build configuration list for PBXProject "Beers Time" */;
			compatibilityVersion = "Xcode 14.0";
			developmentRegion = en;
			hasScannedForEncodings = 0;
			knownRegions = (
				en,
				Base,
			);
			mainGroup = 886BFA182B4C4BF200BF8609;
			packageReferences = (
				886BFA362B4C52DE00BF8609 /* XCRemoteSwiftPackageReference "firebase-ios-sdk" */,
			);
			productRefGroup = 886BFA222B4C4BF200BF8609 /* Products */;
			projectDirPath = "";
			projectRoot = "";
			targets = (
				886BFA202B4C4BF200BF8609 /* Beers Time */,
			);
		};
/* End PBXProject section */

/* Begin PBXResourcesBuildPhase section */
		886BFA1F2B4C4BF200BF8609 /* Resources */ = {
			isa = PBXResourcesBuildPhase;
			buildActionMask = 2147483647;
			files = (
				886BFA2C2B4C4BF400BF8609 /* Preview Assets.xcassets in Resources */,
				886BFA292B4C4BF400BF8609 /* Assets.xcassets in Resources */,
			);
			runOnlyForDeploymentPostprocessing = 0;
		};
/* End PBXResourcesBuildPhase section */

/* Begin PBXSourcesBuildPhase section */
		886BFA1D2B4C4BF200BF8609 /* Sources */ = {
			isa = PBXSourcesBuildPhase;
			buildActionMask = 2147483647;
			files = (
				886BFA272B4C4BF200BF8609 /* ContentView.swift in Sources */,
				886BFA352B4C4FCA00BF8609 /* LoginButtons.swift in Sources */,
				886BFA252B4C4BF200BF8609 /* Beers_TimeApp.swift in Sources */,
			);
			runOnlyForDeploymentPostprocessing = 0;
		};
/* End PBXSourcesBuildPhase section */

/* Begin XCBuildConfiguration section */
		886BFA2D2B4C4BF400BF8609 /* Debug */ = {
			isa = XCBuildConfiguration;
			buildSettings = {
				ALWAYS_SEARCH_USER_PATHS = NO;
				ASSETCATALOG_COMPILER_GENERATE_SWIFT_ASSET_SYMBOL_EXTENSIONS = YES;
				CLANG_ANALYZER_NONNULL = YES;
				CLANG_ANALYZER_NUMBER_OBJECT_CONVERSION = YES_AGGRESSIVE;
				CLANG_CXX_LANGUAGE_STANDARD = "gnu++20";
				CLANG_ENABLE_MODULES = YES;
				CLANG_ENABLE_OBJC_ARC = YES;
				CLANG_ENABLE_OBJC_WEAK = YES;
				CLANG_WARN_BLOCK_CAPTURE_AUTORELEASING = YES;
				CLANG_WARN_BOOL_CONVERSION = YES;
				CLANG_WARN_COMMA = YES;
				CLANG_WARN_CONSTANT_CONVERSION = YES;
				CLANG_WARN_DEPRECATED_OBJC_IMPLEMENTATIONS = YES;
				CLANG_WARN_DIRECT_OBJC_ISA_USAGE = YES_ERROR;
				CLANG_WARN_DOCUMENTATION_COMMENTS = YES;
				CLANG_WARN_EMPTY_BODY = YES;
				CLANG_WARN_ENUM_CONVERSION = YES;
				CLANG_WARN_INFINITE_RECURSION = YES;
				CLANG_WARN_INT_CONVERSION = YES;
				CLANG_WARN_NON_LITERAL_NULL_CONVERSION = YES;
				CLANG_WARN_OBJC_IMPLICIT_RETAIN_SELF = YES;
				CLANG_WARN_OBJC_LITERAL_CONVERSION = YES;
				CLANG_WARN_OBJC_ROOT_CLASS = YES_ERROR;
				CLANG_WARN_QUOTED_INCLUDE_IN_FRAMEWORK_HEADER = YES;
				CLANG_WARN_RANGE_LOOP_ANALYSIS = YES;
				CLANG_WARN_STRICT_PROTOTYPES = YES;
				CLANG_WARN_SUSPICIOUS_MOVE = YES;
				CLANG_WARN_UNGUARDED_AVAILABILITY = YES_AGGRESSIVE;
				CLANG_WARN_UNREACHABLE_CODE = YES;
				CLANG_WARN__DUPLICATE_METHOD_MATCH = YES;
				COPY_PHASE_STRIP = NO;
				DEBUG_INFORMATION_FORMAT = dwarf;
				ENABLE_STRICT_OBJC_MSGSEND = YES;
				ENABLE_TESTABILITY = YES;
				ENABLE_USER_SCRIPT_SANDBOXING = YES;
				GCC_C_LANGUAGE_STANDARD = gnu17;
				GCC_DYNAMIC_NO_PIC = NO;
				GCC_NO_COMMON_BLOCKS = YES;
				GCC_OPTIMIZATION_LEVEL = 0;
				GCC_PREPROCESSOR_DEFINITIONS = (
					"DEBUG=1",
					"$(inherited)",
				);
				GCC_WARN_64_TO_32_BIT_CONVERSION = YES;
				GCC_WARN_ABOUT_RETURN_TYPE = YES_ERROR;
				GCC_WARN_UNDECLARED_SELECTOR = YES;
				GCC_WARN_UNINITIALIZED_AUTOS = YES_AGGRESSIVE;
				GCC_WARN_UNUSED_FUNCTION = YES;
				GCC_WARN_UNUSED_VARIABLE = YES;
				IPHONEOS_DEPLOYMENT_TARGET = 17.2;
				LOCALIZATION_PREFERS_STRING_CATALOGS = YES;
				MTL_ENABLE_DEBUG_INFO = INCLUDE_SOURCE;
				MTL_FAST_MATH = YES;
				ONLY_ACTIVE_ARCH = YES;
				SDKROOT = iphoneos;
				SWIFT_ACTIVE_COMPILATION_CONDITIONS = "DEBUG $(inherited)";
				SWIFT_OPTIMIZATION_LEVEL = "-Onone";
			};
			name = Debug;
		};
		886BFA2E2B4C4BF400BF8609 /* Release */ = {
			isa = XCBuildConfiguration;
			buildSettings = {
				ALWAYS_SEARCH_USER_PATHS = NO;
				ASSETCATALOG_COMPILER_GENERATE_SWIFT_ASSET_SYMBOL_EXTENSIONS = YES;
				CLANG_ANALYZER_NONNULL = YES;
				CLANG_ANALYZER_NUMBER_OBJECT_CONVERSION = YES_AGGRESSIVE;
				CLANG_CXX_LANGUAGE_STANDARD = "gnu++20";
				CLANG_ENABLE_MODULES = YES;
				CLANG_ENABLE_OBJC_ARC = YES;
				CLANG_ENABLE_OBJC_WEAK = YES;
				CLANG_WARN_BLOCK_CAPTURE_AUTORELEASING = YES;
				CLANG_WARN_BOOL_CONVERSION = YES;
				CLANG_WARN_COMMA = YES;
				CLANG_WARN_CONSTANT_CONVERSION = YES;
				CLANG_WARN_DEPRECATED_OBJC_IMPLEMENTATIONS = YES;
				CLANG_WARN_DIRECT_OBJC_ISA_USAGE = YES_ERROR;
				CLANG_WARN_DOCUMENTATION_COMMENTS = YES;
				CLANG_WARN_EMPTY_BODY = YES;
				CLANG_WARN_ENUM_CONVERSION = YES;
				CLANG_WARN_INFINITE_RECURSION = YES;
				CLANG_WARN_INT_CONVERSION = YES;
				CLANG_WARN_NON_LITERAL_NULL_CONVERSION = YES;
				CLANG_WARN_OBJC_IMPLICIT_RETAIN_SELF = YES;
				CLANG_WARN_OBJC_LITERAL_CONVERSION = YES;
				CLANG_WARN_OBJC_ROOT_CLASS = YES_ERROR;
				CLANG_WARN_QUOTED_INCLUDE_IN_FRAMEWORK_HEADER = YES;
				CLANG_WARN_RANGE_LOOP_ANALYSIS = YES;
				CLANG_WARN_STRICT_PROTOTYPES = YES;
				CLANG_WARN_SUSPICIOUS_MOVE = YES;
				CLANG_WARN_UNGUARDED_AVAILABILITY = YES_AGGRESSIVE;
				CLANG_WARN_UNREACHABLE_CODE = YES;
				CLANG_WARN__DUPLICATE_METHOD_MATCH = YES;
				COPY_PHASE_STRIP = NO;
				DEBUG_INFORMATION_FORMAT = "dwarf-with-dsym";
				ENABLE_NS_ASSERTIONS = NO;
				ENABLE_STRICT_OBJC_MSGSEND = YES;
				ENABLE_USER_SCRIPT_SANDBOXING = YES;
				GCC_C_LANGUAGE_STANDARD = gnu17;
				GCC_NO_COMMON_BLOCKS = YES;
				GCC_WARN_64_TO_32_BIT_CONVERSION = YES;
				GCC_WARN_ABOUT_RETURN_TYPE = YES_ERROR;
				GCC_WARN_UNDECLARED_SELECTOR = YES;
				GCC_WARN_UNINITIALIZED_AUTOS = YES_AGGRESSIVE;
				GCC_WARN_UNUSED_FUNCTION = YES;
				GCC_WARN_UNUSED_VARIABLE = YES;
				IPHONEOS_DEPLOYMENT_TARGET = 17.2;
				LOCALIZATION_PREFERS_STRING_CATALOGS = YES;
				MTL_ENABLE_DEBUG_INFO = NO;
				MTL_FAST_MATH = YES;
				SDKROOT = iphoneos;
				SWIFT_COMPILATION_MODE = wholemodule;
				VALIDATE_PRODUCT = YES;
			};
			name = Release;
		};
		886BFA302B4C4BF400BF8609 /* Debug */ = {
			isa = XCBuildConfiguration;
			buildSettings = {
				ASSETCATALOG_COMPILER_APPICON_NAME = AppIcon;
				ASSETCATALOG_COMPILER_GLOBAL_ACCENT_COLOR_NAME = AccentColor;
				CODE_SIGN_STYLE = Automatic;
				CURRENT_PROJECT_VERSION = 1;
				DEVELOPMENT_ASSET_PATHS = "\"Beers Time/Preview Content\"";
				DEVELOPMENT_TEAM = 8JSPBLZJX6;
				ENABLE_PREVIEWS = YES;
				GENERATE_INFOPLIST_FILE = YES;
				INFOPLIST_KEY_UIApplicationSceneManifest_Generation = YES;
				INFOPLIST_KEY_UIApplicationSupportsIndirectInputEvents = YES;
				INFOPLIST_KEY_UILaunchScreen_Generation = YES;
				INFOPLIST_KEY_UISupportedInterfaceOrientations_iPad = "UIInterfaceOrientationPortrait UIInterfaceOrientationPortraitUpsideDown UIInterfaceOrientationLandscapeLeft UIInterfaceOrientationLandscapeRight";
				INFOPLIST_KEY_UISupportedInterfaceOrientations_iPhone = "UIInterfaceOrientationPortrait UIInterfaceOrientationLandscapeLeft UIInterfaceOrientationLandscapeRight";
				LD_RUNPATH_SEARCH_PATHS = (
					"$(inherited)",
					"@executable_path/Frameworks",
				);
				MARKETING_VERSION = 1.0;
				PRODUCT_BUNDLE_IDENTIFIER = freetime.rafaelsants.BeersTime;
				PRODUCT_NAME = "$(TARGET_NAME)";
				SWIFT_EMIT_LOC_STRINGS = YES;
				SWIFT_VERSION = 5.0;
				TARGETED_DEVICE_FAMILY = "1,2";
			};
			name = Debug;
		};
		886BFA312B4C4BF400BF8609 /* Release */ = {
			isa = XCBuildConfiguration;
			buildSettings = {
				ASSETCATALOG_COMPILER_APPICON_NAME = AppIcon;
				ASSETCATALOG_COMPILER_GLOBAL_ACCENT_COLOR_NAME = AccentColor;
				CODE_SIGN_STYLE = Automatic;
				CURRENT_PROJECT_VERSION = 1;
				DEVELOPMENT_ASSET_PATHS = "\"Beers Time/Preview Content\"";
				DEVELOPMENT_TEAM = 8JSPBLZJX6;
				ENABLE_PREVIEWS = YES;
				GENERATE_INFOPLIST_FILE = YES;
				INFOPLIST_KEY_UIApplicationSceneManifest_Generation = YES;
				INFOPLIST_KEY_UIApplicationSupportsIndirectInputEvents = YES;
				INFOPLIST_KEY_UILaunchScreen_Generation = YES;
				INFOPLIST_KEY_UISupportedInterfaceOrientations_iPad = "UIInterfaceOrientationPortrait UIInterfaceOrientationPortraitUpsideDown UIInterfaceOrientationLandscapeLeft UIInterfaceOrientationLandscapeRight";
				INFOPLIST_KEY_UISupportedInterfaceOrientations_iPhone = "UIInterfaceOrientationPortrait UIInterfaceOrientationLandscapeLeft UIInterfaceOrientationLandscapeRight";
				LD_RUNPATH_SEARCH_PATHS = (
					"$(inherited)",
					"@executable_path/Frameworks",
				);
				MARKETING_VERSION = 1.0;
				PRODUCT_BUNDLE_IDENTIFIER = freetime.rafaelsants.BeersTime;
				PRODUCT_NAME = "$(TARGET_NAME)";
				SWIFT_EMIT_LOC_STRINGS = YES;
				SWIFT_VERSION = 5.0;
				TARGETED_DEVICE_FAMILY = "1,2";
			};
			name = Release;
		};
/* End XCBuildConfiguration section */

/* Begin XCConfigurationList section */
		886BFA1C2B4C4BF200BF8609 /* Build configuration list for PBXProject "Beers Time" */ = {
			isa = XCConfigurationList;
			buildConfigurations = (
				886BFA2D2B4C4BF400BF8609 /* Debug */,
				886BFA2E2B4C4BF400BF8609 /* Release */,
			);
			defaultConfigurationIsVisible = 0;
			defaultConfigurationName = Release;
		};
		886BFA2F2B4C4BF400BF8609 /* Build configuration list for PBXNativeTarget "Beers Time" */ = {
			isa = XCConfigurationList;
			buildConfigurations = (
				886BFA302B4C4BF400BF8609 /* Debug */,
				886BFA312B4C4BF400BF8609 /* Release */,
			);
			defaultConfigurationIsVisible = 0;
			defaultConfigurationName = Release;
		};
/* End XCConfigurationList section */

/* Begin XCRemoteSwiftPackageReference section */
		886BFA362B4C52DE00BF8609 /* XCRemoteSwiftPackageReference "firebase-ios-sdk" */ = {
			isa = XCRemoteSwiftPackageReference;
			repositoryURL = "https://github.com/firebase/firebase-ios-sdk.git";
			requirement = {
				kind = upToNextMajorVersion;
				minimumVersion = 10.19.1;
			};
		};
/* End XCRemoteSwiftPackageReference section */

/* Begin XCSwiftPackageProductDependency section */
		886BFA372B4C52DE00BF8609 /* FirebaseAnalytics */ = {
			isa = XCSwiftPackageProductDependency;
			package = 886BFA362B4C52DE00BF8609 /* XCRemoteSwiftPackageReference "firebase-ios-sdk" */;
			productName = FirebaseAnalytics;
		};
		886BFA392B4C52DE00BF8609 /* FirebaseAnalyticsOnDeviceConversion */ = {
			isa = XCSwiftPackageProductDependency;
			package = 886BFA362B4C52DE00BF8609 /* XCRemoteSwiftPackageReference "firebase-ios-sdk" */;
			productName = FirebaseAnalyticsOnDeviceConversion;
		};
		886BFA3B2B4C52DE00BF8609 /* FirebaseAnalyticsSwift */ = {
			isa = XCSwiftPackageProductDependency;
			package = 886BFA362B4C52DE00BF8609 /* XCRemoteSwiftPackageReference "firebase-ios-sdk" */;
			productName = FirebaseAnalyticsSwift;
		};
		886BFA3D2B4C52DE00BF8609 /* FirebaseAppCheck */ = {
			isa = XCSwiftPackageProductDependency;
			package = 886BFA362B4C52DE00BF8609 /* XCRemoteSwiftPackageReference "firebase-ios-sdk" */;
			productName = FirebaseAppCheck;
		};
		886BFA3F2B4C52DE00BF8609 /* FirebaseAppDistribution-Beta */ = {
			isa = XCSwiftPackageProductDependency;
			package = 886BFA362B4C52DE00BF8609 /* XCRemoteSwiftPackageReference "firebase-ios-sdk" */;
			productName = "FirebaseAppDistribution-Beta";
		};
		886BFA412B4C52DE00BF8609 /* FirebaseAuth */ = {
			isa = XCSwiftPackageProductDependency;
			package = 886BFA362B4C52DE00BF8609 /* XCRemoteSwiftPackageReference "firebase-ios-sdk" */;
			productName = FirebaseAuth;
		};
		886BFA432B4C52DE00BF8609 /* FirebaseCrashlytics */ = {
			isa = XCSwiftPackageProductDependency;
			package = 886BFA362B4C52DE00BF8609 /* XCRemoteSwiftPackageReference "firebase-ios-sdk" */;
			productName = FirebaseCrashlytics;
		};
/* End XCSwiftPackageProductDependency section */
	};
	rootObject = 886BFA192B4C4BF200BF8609 /* Project object */;
}
